{
  "name": "envision-sdk",
  "version": "0.0.1",
  "lockfileVersion": 1,
  "dependencies": {
    "async-listener": {
      "version": "0.6.7",
      "resolved": "https://registry.keymetrics.io/async-listener/-/async-listener-0.6.7.tgz",
      "integrity": "sha512-6Bmzy9dHE1WWZdru7teS6kecmOy42cCzumQOn57vHa/49kjPMExdPLozDvr25J0hbQf5wMwFitJKnO7O3eqh2A=="
    },
    "continuation-local-storage": {
      "version": "3.2.0",
      "resolved": "https://registry.keymetrics.io/continuation-local-storage/-/continuation-local-storage-3.2.0.tgz",
      "integrity": "sha1-4Z/Da1lwkKXU5KOy6j68XilpSiQ="
    },
    "debug": {
      "version": "2.6.8",
      "resolved": "https://registry.keymetrics.io/debug/-/debug-2.6.8.tgz",
      "integrity": "sha1-5zFTHKLt4n0YgiJCfaF4IdaP9Pw="
    },
    "emitter-listener": {
      "version": "1.0.1",
      "resolved": "https://registry.keymetrics.io/emitter-listener/-/emitter-listener-1.0.1.tgz",
      "integrity": "sha1-skmepuWCMKUsJo1d8mHuzZ8Q/pc=",
      "dependencies": {
        "shimmer": {
          "version": "1.0.0",
          "resolved": "https://registry.keymetrics.io/shimmer/-/shimmer-1.0.0.tgz",
          "integrity": "sha1-ScLXHGeDYLgCvhiyeDgtHLuAXDk="
        }
      }
    },
    "extend": {
      "version": "3.0.1",
      "resolved": "https://registry.keymetrics.io/extend/-/extend-3.0.1.tgz",
      "integrity": "sha1-p1Xqe8Gt/MWjHOfnYtuq3F5jZEQ="
    },
    "is": {
      "version": "3.2.1",
      "resolved": "https://registry.keymetrics.io/is/-/is-3.2.1.tgz",
      "integrity": "sha1-0Kwq1V63sL7JJqUmb2xmKqqD3KU="
    },
    "json-stringify-safe": {
      "version": "5.0.1",
      "resolved": "https://registry.keymetrics.io/json-stringify-safe/-/json-stringify-safe-5.0.1.tgz",
      "integrity": "sha1-Epai1Y/UXxmg9s4B1lcB4sc1tus="
    },
    "lodash.findindex": {
      "version": "4.6.0",
      "resolved": "https://registry.keymetrics.io/lodash.findindex/-/lodash.findindex-4.6.0.tgz",
      "integrity": "sha1-oyRd7mH7m24GJLU1ElYku2nBEQY="
    },
    "lodash.isequal": {
      "version": "4.5.0",
      "resolved": "https://registry.keymetrics.io/lodash.isequal/-/lodash.isequal-4.5.0.tgz",
      "integrity": "sha1-QVxEePK8wwEgwizhDtMib30+GOA="
    },
    "lodash.merge": {
      "version": "4.6.0",
      "resolved": "https://registry.keymetrics.io/lodash.merge/-/lodash.merge-4.6.0.tgz",
      "integrity": "sha1-aYhLoUSsM/5plzemCG3v+t0PicU="
    },
    "methods": {
      "version": "1.1.2",
      "resolved": "https://registry.keymetrics.io/methods/-/methods-1.1.2.tgz",
      "integrity": "sha1-VSmk1nZUE07cxSZmVoNbD4Ua/O4="
    },
    "ms": {
      "version": "2.0.0",
      "resolved": "https://registry.keymetrics.io/ms/-/ms-2.0.0.tgz",
      "integrity": "sha1-VgiurfwAvmwpAd9fmGF4jeDVl8g="
    },
    "pmx": {
      "version": "1.2.0",
      "resolved": "https://registry.keymetrics.io/pmx/-/pmx-1.2.0.tgz",
      "integrity": "sha1-cSqeH96lOpsGEWnMdnaxSDjIdYU="
    },
    "safe-buffer": {
      "version": "5.0.1",
      "resolved": "https://registry.keymetrics.io/safe-buffer/-/safe-buffer-5.0.1.tgz",
      "integrity": "sha1-0mPKVGls2KMGtcplUekt5XkY++c="
    },
    "semver": {
      "version": "5.3.0",
      "resolved": "https://registry.keymetrics.io/semver/-/semver-5.3.0.tgz",
      "integrity": "sha1-myzl094C0XxgEq0yaqa00M9U+U8="
    },
    "shimmer": {
      "version": "1.1.0",
      "resolved": "https://registry.keymetrics.io/shimmer/-/shimmer-1.1.0.tgz",
      "integrity": "sha1-l9c3cTf/u6tCVSLkKf4KqJpIizU="
    },
    "spiderlink": {
      "version": "1.0.4",
      "resolved": "https://registry.keymetrics.io/spiderlink/-/spiderlink-1.0.4.tgz",
      "integrity": "sha512-V3ABBWBLcPaNleYjJsNF6m43wDUYtGbXS62buhSQMpbaqK+gUVdDVOXzPTEIidPvSdcILsuEdnprIFJWxrrLnQ=="
    },
    "ultron": {
      "version": "1.1.0",
      "resolved": "https://registry.keymetrics.io/ultron/-/ultron-1.1.0.tgz",
      "integrity": "sha1-sHoualQagV/Go0zNRTO67DB8qGQ="
    },
    "uuid": {
      "version": "3.1.0",
      "resolved": "https://registry.keymetrics.io/uuid/-/uuid-3.1.0.tgz",
      "integrity": "sha512-DIWtzUkw04M4k3bf1IcpS2tngXEL26YUD2M0tMDUpnUrz2hgzUBlD55a4FjdLGPvfHxS6uluGWvaVEqgBcVa+g=="
    },
    "vxx": {
      "version": "1.2.2",
      "resolved": "https://registry.keymetrics.io/vxx/-/vxx-1.2.2.tgz",
      "integrity": "sha1-dB+1HG8R0zg9pvm5IBil17qAdhE="
    },
    "ws": {
      "version": "3.0.0",
      "resolved": "https://registry.keymetrics.io/ws/-/ws-3.0.0.tgz",
      "integrity": "sha1-mN2wAFbIOQy3Ued4h4hJf5kQO2w="
    }
  }
}
